{
  "name": "wiki",
  "version": "0.0.1",
  "lockfileVersion": 1,
  "dependencies": {
    "capitalize": {
      "version": "1.0.0",
      "resolved": "https://registry.npmjs.org/capitalize/-/capitalize-1.0.0.tgz",
      "integrity": "sha1-3IAsWAruEBkpAg0soUtMqKCuRL4="
    },
    "directory-tree": {
      "version": "1.2.1",
      "resolved": "https://registry.npmjs.org/directory-tree/-/directory-tree-1.2.1.tgz",
      "integrity": "sha1-eBL26+bdnUliaWpl4fe6c8Nndw0="
    },
    "lodash": {
      "version": "4.17.4",
      "resolved": "https://registry.npmjs.org/lodash/-/lodash-4.17.4.tgz",
      "integrity": "sha1-eCA6TRwyiuHYbcpkYONptX9AVa4="
    },
    "nano-server": {
      "version": "0.5.3",
      "resolved": "https://registry.npmjs.org/nano-server/-/nano-server-0.5.3.tgz",
      "integrity": "sha1-ElaIGS0xrNULrW8XXZzk+EA34xA="
    }
  }
}
